// !$*UTF8*$!
{
	archiveVersion = 1;
	classes = {
	};
	objectVersion = 48;
	objects = {

/* Begin PBXBuildFile section */
		31B5C8AC5CF73F85C693F91F /* Pods_ShowMessageTests.framework in Frameworks */ = {isa = PBXBuildFile; fileRef = FB0D90165D1A93179DB312F4 /* Pods_ShowMessageTests.framework */; };
		804B651E1FC9E728000210E2 /* AppDelegate.swift in Sources */ = {isa = PBXBuildFile; fileRef = 804B651D1FC9E728000210E2 /* AppDelegate.swift */; };
		804B65201FC9E728000210E2 /* ViewController.swift in Sources */ = {isa = PBXBuildFile; fileRef = 804B651F1FC9E728000210E2 /* ViewController.swift */; };
		804B65231FC9E728000210E2 /* Main.storyboard in Resources */ = {isa = PBXBuildFile; fileRef = 804B65211FC9E728000210E2 /* Main.storyboard */; };
		804B65261FC9E728000210E2 /* ShowMessage.xcdatamodeld in Sources */ = {isa = PBXBuildFile; fileRef = 804B65241FC9E728000210E2 /* ShowMessage.xcdatamodeld */; };
		804B65281FC9E728000210E2 /* Assets.xcassets in Resources */ = {isa = PBXBuildFile; fileRef = 804B65271FC9E728000210E2 /* Assets.xcassets */; };
		804B652B1FC9E728000210E2 /* LaunchScreen.storyboard in Resources */ = {isa = PBXBuildFile; fileRef = 804B65291FC9E728000210E2 /* LaunchScreen.storyboard */; };
		804B65361FC9E728000210E2 /* ShowMessageTests.swift in Sources */ = {isa = PBXBuildFile; fileRef = 804B65351FC9E728000210E2 /* ShowMessageTests.swift */; };
		804B65411FC9E728000210E2 /* ShowMessageUITests.swift in Sources */ = {isa = PBXBuildFile; fileRef = 804B65401FC9E728000210E2 /* ShowMessageUITests.swift */; };
		822F531E2F4D497CC7CDD6F0 /* Pods_ShowMessage.framework in Frameworks */ = {isa = PBXBuildFile; fileRef = B7906677DF4D8F53B6055101 /* Pods_ShowMessage.framework */; };
		CFF025C1F62AA55AA29BFFCF /* Pods_ShowMessageUITests.framework in Frameworks */ = {isa = PBXBuildFile; fileRef = 67B0DA491F4170297BDAB3BB /* Pods_ShowMessageUITests.framework */; };
/* End PBXBuildFile section */

/* Begin PBXContainerItemProxy section */
		804B65321FC9E728000210E2 /* PBXContainerItemProxy */ = {
			isa = PBXContainerItemProxy;
			containerPortal = 804B65121FC9E728000210E2 /* Project object */;
			proxyType = 1;
			remoteGlobalIDString = 804B65191FC9E728000210E2;
			remoteInfo = ShowMessage;
		};
		804B653D1FC9E728000210E2 /* PBXContainerItemProxy */ = {
			isa = PBXContainerItemProxy;
			containerPortal = 804B65121FC9E728000210E2 /* Project object */;
			proxyType = 1;
			remoteGlobalIDString = 804B65191FC9E728000210E2;
			remoteInfo = ShowMessage;
		};
/* End PBXContainerItemProxy section */

/* Begin PBXFileReference section */
		0E970B89A93A7998CCCB06B2 /* Pods-ShowMessageUITests.debug.xcconfig */ = {isa = PBXFileReference; includeInIndex = 1; lastKnownFileType = text.xcconfig; name = "Pods-ShowMessageUITests.debug.xcconfig"; path = "Pods/Target Support Files/Pods-ShowMessageUITests/Pods-ShowMessageUITests.debug.xcconfig"; sourceTree = "<group>"; };
		136FF9EAA2C0C9E286ADD4CA /* Pods-ShowMessageUITests.release.xcconfig */ = {isa = PBXFileReference; includeInIndex = 1; lastKnownFileType = text.xcconfig; name = "Pods-ShowMessageUITests.release.xcconfig"; path = "Pods/Target Support Files/Pods-ShowMessageUITests/Pods-ShowMessageUITests.release.xcconfig"; sourceTree = "<group>"; };
		54C4F31F4C3122A526993A07 /* Pods-ShowMessage.release.xcconfig */ = {isa = PBXFileReference; includeInIndex = 1; lastKnownFileType = text.xcconfig; name = "Pods-ShowMessage.release.xcconfig"; path = "Pods/Target Support Files/Pods-ShowMessage/Pods-ShowMessage.release.xcconfig"; sourceTree = "<group>"; };
		67B0DA491F4170297BDAB3BB /* Pods_ShowMessageUITests.framework */ = {isa = PBXFileReference; explicitFileType = wrapper.framework; includeInIndex = 0; path = Pods_ShowMessageUITests.framework; sourceTree = BUILT_PRODUCTS_DIR; };
		804B651A1FC9E728000210E2 /* ShowMessage.app */ = {isa = PBXFileReference; explicitFileType = wrapper.application; includeInIndex = 0; path = ShowMessage.app; sourceTree = BUILT_PRODUCTS_DIR; };
		804B651D1FC9E728000210E2 /* AppDelegate.swift */ = {isa = PBXFileReference; lastKnownFileType = sourcecode.swift; path = AppDelegate.swift; sourceTree = "<group>"; };
		804B651F1FC9E728000210E2 /* ViewController.swift */ = {isa = PBXFileReference; lastKnownFileType = sourcecode.swift; path = ViewController.swift; sourceTree = "<group>"; };
		804B65221FC9E728000210E2 /* Base */ = {isa = PBXFileReference; lastKnownFileType = file.storyboard; name = Base; path = Base.lproj/Main.storyboard; sourceTree = "<group>"; };
		804B65251FC9E728000210E2 /* ShowMessage.xcdatamodel */ = {isa = PBXFileReference; lastKnownFileType = wrapper.xcdatamodel; path = ShowMessage.xcdatamodel; sourceTree = "<group>"; };
		804B65271FC9E728000210E2 /* Assets.xcassets */ = {isa = PBXFileReference; lastKnownFileType = folder.assetcatalog; path = Assets.xcassets; sourceTree = "<group>"; };
		804B652A1FC9E728000210E2 /* Base */ = {isa = PBXFileReference; lastKnownFileType = file.storyboard; name = Base; path = Base.lproj/LaunchScreen.storyboard; sourceTree = "<group>"; };
		804B652C1FC9E728000210E2 /* Info.plist */ = {isa = PBXFileReference; lastKnownFileType = text.plist.xml; path = Info.plist; sourceTree = "<group>"; };
		804B65311FC9E728000210E2 /* ShowMessageTests.xctest */ = {isa = PBXFileReference; explicitFileType = wrapper.cfbundle; includeInIndex = 0; path = ShowMessageTests.xctest; sourceTree = BUILT_PRODUCTS_DIR; };
		804B65351FC9E728000210E2 /* ShowMessageTests.swift */ = {isa = PBXFileReference; lastKnownFileType = sourcecode.swift; path = ShowMessageTests.swift; sourceTree = "<group>"; };
		804B65371FC9E728000210E2 /* Info.plist */ = {isa = PBXFileReference; lastKnownFileType = text.plist.xml; path = Info.plist; sourceTree = "<group>"; };
		804B653C1FC9E728000210E2 /* ShowMessageUITests.xctest */ = {isa = PBXFileReference; explicitFileType = wrapper.cfbundle; includeInIndex = 0; path = ShowMessageUITests.xctest; sourceTree = BUILT_PRODUCTS_DIR; };
		804B65401FC9E728000210E2 /* ShowMessageUITests.swift */ = {isa = PBXFileReference; lastKnownFileType = sourcecode.swift; path = ShowMessageUITests.swift; sourceTree = "<group>"; };
		804B65421FC9E728000210E2 /* Info.plist */ = {isa = PBXFileReference; lastKnownFileType = text.plist.xml; path = Info.plist; sourceTree = "<group>"; };
		91B8B4BECB53F753DEBE6ABC /* Pods-ShowMessageTests.release.xcconfig */ = {isa = PBXFileReference; includeInIndex = 1; lastKnownFileType = text.xcconfig; name = "Pods-ShowMessageTests.release.xcconfig"; path = "Pods/Target Support Files/Pods-ShowMessageTests/Pods-ShowMessageTests.release.xcconfig"; sourceTree = "<group>"; };
		B7906677DF4D8F53B6055101 /* Pods_ShowMessage.framework */ = {isa = PBXFileReference; explicitFileType = wrapper.framework; includeInIndex = 0; path = Pods_ShowMessage.framework; sourceTree = BUILT_PRODUCTS_DIR; };
		CEE6B9CD8C4595AD84114649 /* Pods-ShowMessageTests.debug.xcconfig */ = {isa = PBXFileReference; includeInIndex = 1; lastKnownFileType = text.xcconfig; name = "Pods-ShowMessageTests.debug.xcconfig"; path = "Pods/Target Support Files/Pods-ShowMessageTests/Pods-ShowMessageTests.debug.xcconfig"; sourceTree = "<group>"; };
		D3ED31C2B7B51AF307DF1455 /* Pods-ShowMessage.debug.xcconfig */ = {isa = PBXFileReference; includeInIndex = 1; lastKnownFileType = text.xcconfig; name = "Pods-ShowMessage.debug.xcconfig"; path = "Pods/Target Support Files/Pods-ShowMessage/Pods-ShowMessage.debug.xcconfig"; sourceTree = "<group>"; };
		FB0D90165D1A93179DB312F4 /* Pods_ShowMessageTests.framework */ = {isa = PBXFileReference; explicitFileType = wrapper.framework; includeInIndex = 0; path = Pods_ShowMessageTests.framework; sourceTree = BUILT_PRODUCTS_DIR; };
/* End PBXFileReference section */

/* Begin PBXFrameworksBuildPhase section */
		804B65171FC9E728000210E2 /* Frameworks */ = {
			isa = PBXFrameworksBuildPhase;
			buildActionMask = 2147483647;
			files = (
				822F531E2F4D497CC7CDD6F0 /* Pods_ShowMessage.framework in Frameworks */,
			);
			runOnlyForDeploymentPostprocessing = 0;
		};
		804B652E1FC9E728000210E2 /* Frameworks */ = {
			isa = PBXFrameworksBuildPhase;
			buildActionMask = 2147483647;
			files = (
				31B5C8AC5CF73F85C693F91F /* Pods_ShowMessageTests.framework in Frameworks */,
			);
			runOnlyForDeploymentPostprocessing = 0;
		};
		804B65391FC9E728000210E2 /* Frameworks */ = {
			isa = PBXFrameworksBuildPhase;
			buildActionMask = 2147483647;
			files = (
				CFF025C1F62AA55AA29BFFCF /* Pods_ShowMessageUITests.framework in Frameworks */,
			);
			runOnlyForDeploymentPostprocessing = 0;
		};
/* End PBXFrameworksBuildPhase section */

/* Begin PBXGroup section */
		804B65111FC9E728000210E2 = {
			isa = PBXGroup;
			children = (
				804B651C1FC9E728000210E2 /* ShowMessage */,
				804B65341FC9E728000210E2 /* ShowMessageTests */,
				804B653F1FC9E728000210E2 /* ShowMessageUITests */,
				804B651B1FC9E728000210E2 /* Products */,
				BCE91AF2CC472DCF6260AF37 /* Pods */,
				B8B719C5DB99D66543622BCB /* Frameworks */,
			);
			sourceTree = "<group>";
		};
		804B651B1FC9E728000210E2 /* Products */ = {
			isa = PBXGroup;
			children = (
				804B651A1FC9E728000210E2 /* ShowMessage.app */,
				804B65311FC9E728000210E2 /* ShowMessageTests.xctest */,
				804B653C1FC9E728000210E2 /* ShowMessageUITests.xctest */,
			);
			name = Products;
			sourceTree = "<group>";
		};
		804B651C1FC9E728000210E2 /* ShowMessage */ = {
			isa = PBXGroup;
			children = (
				804B651D1FC9E728000210E2 /* AppDelegate.swift */,
				804B651F1FC9E728000210E2 /* ViewController.swift */,
				804B65211FC9E728000210E2 /* Main.storyboard */,
				804B65271FC9E728000210E2 /* Assets.xcassets */,
				804B65291FC9E728000210E2 /* LaunchScreen.storyboard */,
				804B652C1FC9E728000210E2 /* Info.plist */,
				804B65241FC9E728000210E2 /* ShowMessage.xcdatamodeld */,
			);
			path = ShowMessage;
			sourceTree = "<group>";
		};
		804B65341FC9E728000210E2 /* ShowMessageTests */ = {
			isa = PBXGroup;
			children = (
				804B65351FC9E728000210E2 /* ShowMessageTests.swift */,
				804B65371FC9E728000210E2 /* Info.plist */,
			);
			path = ShowMessageTests;
			sourceTree = "<group>";
		};
		804B653F1FC9E728000210E2 /* ShowMessageUITests */ = {
			isa = PBXGroup;
			children = (
				804B65401FC9E728000210E2 /* ShowMessageUITests.swift */,
				804B65421FC9E728000210E2 /* Info.plist */,
			);
			path = ShowMessageUITests;
			sourceTree = "<group>";
		};
		B8B719C5DB99D66543622BCB /* Frameworks */ = {
			isa = PBXGroup;
			children = (
				B7906677DF4D8F53B6055101 /* Pods_ShowMessage.framework */,
				FB0D90165D1A93179DB312F4 /* Pods_ShowMessageTests.framework */,
				67B0DA491F4170297BDAB3BB /* Pods_ShowMessageUITests.framework */,
			);
			name = Frameworks;
			sourceTree = "<group>";
		};
		BCE91AF2CC472DCF6260AF37 /* Pods */ = {
			isa = PBXGroup;
			children = (
				D3ED31C2B7B51AF307DF1455 /* Pods-ShowMessage.debug.xcconfig */,
				54C4F31F4C3122A526993A07 /* Pods-ShowMessage.release.xcconfig */,
				CEE6B9CD8C4595AD84114649 /* Pods-ShowMessageTests.debug.xcconfig */,
				91B8B4BECB53F753DEBE6ABC /* Pods-ShowMessageTests.release.xcconfig */,
				0E970B89A93A7998CCCB06B2 /* Pods-ShowMessageUITests.debug.xcconfig */,
				136FF9EAA2C0C9E286ADD4CA /* Pods-ShowMessageUITests.release.xcconfig */,
			);
			name = Pods;
			sourceTree = "<group>";
		};
/* End PBXGroup section */

/* Begin PBXNativeTarget section */
		804B65191FC9E728000210E2 /* ShowMessage */ = {
			isa = PBXNativeTarget;
			buildConfigurationList = 804B65451FC9E728000210E2 /* Build configuration list for PBXNativeTarget "ShowMessage" */;
			buildPhases = (
				2E07A4D4164D4D8C582A1AD4 /* [CP] Check Pods Manifest.lock */,
				804B65161FC9E728000210E2 /* Sources */,
				804B65171FC9E728000210E2 /* Frameworks */,
				804B65181FC9E728000210E2 /* Resources */,
				9BB6ADD84A29191B61F5944F /* [CP] Embed Pods Frameworks */,
				46BC61CAF499D8F0C6AEF87A /* [CP] Copy Pods Resources */,
			);
			buildRules = (
			);
			dependencies = (
			);
			name = ShowMessage;
			productName = ShowMessage;
			productReference = 804B651A1FC9E728000210E2 /* ShowMessage.app */;
			productType = "com.apple.product-type.application";
		};
		804B65301FC9E728000210E2 /* ShowMessageTests */ = {
			isa = PBXNativeTarget;
			buildConfigurationList = 804B65481FC9E728000210E2 /* Build configuration list for PBXNativeTarget "ShowMessageTests" */;
			buildPhases = (
				03B5B329123C191A53EAFC3B /* [CP] Check Pods Manifest.lock */,
				804B652D1FC9E728000210E2 /* Sources */,
				804B652E1FC9E728000210E2 /* Frameworks */,
				804B652F1FC9E728000210E2 /* Resources */,
				25893D56AFE8839047536B1D /* [CP] Embed Pods Frameworks */,
				7399D4CD616BF87424932708 /* [CP] Copy Pods Resources */,
			);
			buildRules = (
			);
			dependencies = (
				804B65331FC9E728000210E2 /* PBXTargetDependency */,
			);
			name = ShowMessageTests;
			productName = ShowMessageTests;
			productReference = 804B65311FC9E728000210E2 /* ShowMessageTests.xctest */;
			productType = "com.apple.product-type.bundle.unit-test";
		};
		804B653B1FC9E728000210E2 /* ShowMessageUITests */ = {
			isa = PBXNativeTarget;
			buildConfigurationList = 804B654B1FC9E728000210E2 /* Build configuration list for PBXNativeTarget "ShowMessageUITests" */;
			buildPhases = (
				471441BC8F939B977EB13469 /* [CP] Check Pods Manifest.lock */,
				804B65381FC9E728000210E2 /* Sources */,
				804B65391FC9E728000210E2 /* Frameworks */,
				804B653A1FC9E728000210E2 /* Resources */,
				ECD813E7EEEC2D02C229E3E0 /* [CP] Embed Pods Frameworks */,
				1AB3B3BD8055620D568B8B63 /* [CP] Copy Pods Resources */,
			);
			buildRules = (
			);
			dependencies = (
				804B653E1FC9E728000210E2 /* PBXTargetDependency */,
			);
			name = ShowMessageUITests;
			productName = ShowMessageUITests;
			productReference = 804B653C1FC9E728000210E2 /* ShowMessageUITests.xctest */;
			productType = "com.apple.product-type.bundle.ui-testing";
		};
/* End PBXNativeTarget section */

/* Begin PBXProject section */
		804B65121FC9E728000210E2 /* Project object */ = {
			isa = PBXProject;
			attributes = {
				LastSwiftUpdateCheck = 0910;
				LastUpgradeCheck = 0910;
				ORGANIZATIONNAME = Moises;
				TargetAttributes = {
					804B65191FC9E728000210E2 = {
						CreatedOnToolsVersion = 9.1;
						ProvisioningStyle = Automatic;
					};
					804B65301FC9E728000210E2 = {
						CreatedOnToolsVersion = 9.1;
						ProvisioningStyle = Automatic;
						TestTargetID = 804B65191FC9E728000210E2;
					};
					804B653B1FC9E728000210E2 = {
						CreatedOnToolsVersion = 9.1;
						ProvisioningStyle = Automatic;
						TestTargetID = 804B65191FC9E728000210E2;
					};
				};
			};
			buildConfigurationList = 804B65151FC9E728000210E2 /* Build configuration list for PBXProject "ShowMessage" */;
			compatibilityVersion = "Xcode 8.0";
			developmentRegion = en;
			hasScannedForEncodings = 0;
			knownRegions = (
				en,
				Base,
			);
			mainGroup = 804B65111FC9E728000210E2;
			productRefGroup = 804B651B1FC9E728000210E2 /* Products */;
			projectDirPath = "";
			projectRoot = "";
			targets = (
				804B65191FC9E728000210E2 /* ShowMessage */,
				804B65301FC9E728000210E2 /* ShowMessageTests */,
				804B653B1FC9E728000210E2 /* ShowMessageUITests */,
			);
		};
/* End PBXProject section */

/* Begin PBXResourcesBuildPhase section */
		804B65181FC9E728000210E2 /* Resources */ = {
			isa = PBXResourcesBuildPhase;
			buildActionMask = 2147483647;
			files = (
				804B652B1FC9E728000210E2 /* LaunchScreen.storyboard in Resources */,
				804B65281FC9E728000210E2 /* Assets.xcassets in Resources */,
				804B65231FC9E728000210E2 /* Main.storyboard in Resources */,
			);
			runOnlyForDeploymentPostprocessing = 0;
		};
		804B652F1FC9E728000210E2 /* Resources */ = {
			isa = PBXResourcesBuildPhase;
			buildActionMask = 2147483647;
			files = (
			);
			runOnlyForDeploymentPostprocessing = 0;
		};
		804B653A1FC9E728000210E2 /* Resources */ = {
			isa = PBXResourcesBuildPhase;
			buildActionMask = 2147483647;
			files = (
			);
			runOnlyForDeploymentPostprocessing = 0;
		};
/* End PBXResourcesBuildPhase section */

/* Begin PBXShellScriptBuildPhase section */
		03B5B329123C191A53EAFC3B /* [CP] Check Pods Manifest.lock */ = {
			isa = PBXShellScriptBuildPhase;
			buildActionMask = 2147483647;
			files = (
			);
			inputPaths = (
				"${PODS_PODFILE_DIR_PATH}/Podfile.lock",
				"${PODS_ROOT}/Manifest.lock",
			);
			name = "[CP] Check Pods Manifest.lock";
			outputPaths = (
				"$(DERIVED_FILE_DIR)/Pods-ShowMessageTests-checkManifestLockResult.txt",
			);
			runOnlyForDeploymentPostprocessing = 0;
			shellPath = /bin/sh;
			shellScript = "diff \"${PODS_PODFILE_DIR_PATH}/Podfile.lock\" \"${PODS_ROOT}/Manifest.lock\" > /dev/null\nif [ $? != 0 ] ; then\n    # print error to STDERR\n    echo \"error: The sandbox is not in sync with the Podfile.lock. Run 'pod install' or update your CocoaPods installation.\" >&2\n    exit 1\nfi\n# This output is used by Xcode 'outputs' to avoid re-running this script phase.\necho \"SUCCESS\" > \"${SCRIPT_OUTPUT_FILE_0}\"\n";
			showEnvVarsInLog = 0;
		};
		1AB3B3BD8055620D568B8B63 /* [CP] Copy Pods Resources */ = {
			isa = PBXShellScriptBuildPhase;
			buildActionMask = 2147483647;
			files = (
			);
			inputPaths = (
			);
			name = "[CP] Copy Pods Resources";
			outputPaths = (
			);
			runOnlyForDeploymentPostprocessing = 0;
			shellPath = /bin/sh;
			shellScript = "\"${SRCROOT}/Pods/Target Support Files/Pods-ShowMessageUITests/Pods-ShowMessageUITests-resources.sh\"\n";
			showEnvVarsInLog = 0;
		};
		25893D56AFE8839047536B1D /* [CP] Embed Pods Frameworks */ = {
			isa = PBXShellScriptBuildPhase;
			buildActionMask = 2147483647;
			files = (
			);
			inputPaths = (
			);
			name = "[CP] Embed Pods Frameworks";
			outputPaths = (
			);
			runOnlyForDeploymentPostprocessing = 0;
			shellPath = /bin/sh;
			shellScript = "\"${SRCROOT}/Pods/Target Support Files/Pods-ShowMessageTests/Pods-ShowMessageTests-frameworks.sh\"\n";
			showEnvVarsInLog = 0;
		};
		2E07A4D4164D4D8C582A1AD4 /* [CP] Check Pods Manifest.lock */ = {
			isa = PBXShellScriptBuildPhase;
			buildActionMask = 2147483647;
			files = (
			);
			inputPaths = (
				"${PODS_PODFILE_DIR_PATH}/Podfile.lock",
				"${PODS_ROOT}/Manifest.lock",
			);
			name = "[CP] Check Pods Manifest.lock";
			outputPaths = (
				"$(DERIVED_FILE_DIR)/Pods-ShowMessage-checkManifestLockResult.txt",
			);
			runOnlyForDeploymentPostprocessing = 0;
			shellPath = /bin/sh;
			shellScript = "diff \"${PODS_PODFILE_DIR_PATH}/Podfile.lock\" \"${PODS_ROOT}/Manifest.lock\" > /dev/null\nif [ $? != 0 ] ; then\n    # print error to STDERR\n    echo \"error: The sandbox is not in sync with the Podfile.lock. Run 'pod install' or update your CocoaPods installation.\" >&2\n    exit 1\nfi\n# This output is used by Xcode 'outputs' to avoid re-running this script phase.\necho \"SUCCESS\" > \"${SCRIPT_OUTPUT_FILE_0}\"\n";
			showEnvVarsInLog = 0;
		};
		46BC61CAF499D8F0C6AEF87A /* [CP] Copy Pods Resources */ = {
			isa = PBXShellScriptBuildPhase;
			buildActionMask = 2147483647;
			files = (
			);
			inputPaths = (
			);
			name = "[CP] Copy Pods Resources";
			outputPaths = (
			);
			runOnlyForDeploymentPostprocessing = 0;
			shellPath = /bin/sh;
			shellScript = "\"${SRCROOT}/Pods/Target Support Files/Pods-ShowMessage/Pods-ShowMessage-resources.sh\"\n";
			showEnvVarsInLog = 0;
		};
		471441BC8F939B977EB13469 /* [CP] Check Pods Manifest.lock */ = {
			isa = PBXShellScriptBuildPhase;
			buildActionMask = 2147483647;
			files = (
			);
			inputPaths = (
				"${PODS_PODFILE_DIR_PATH}/Podfile.lock",
				"${PODS_ROOT}/Manifest.lock",
			);
			name = "[CP] Check Pods Manifest.lock";
			outputPaths = (
				"$(DERIVED_FILE_DIR)/Pods-ShowMessageUITests-checkManifestLockResult.txt",
			);
			runOnlyForDeploymentPostprocessing = 0;
			shellPath = /bin/sh;
			shellScript = "diff \"${PODS_PODFILE_DIR_PATH}/Podfile.lock\" \"${PODS_ROOT}/Manifest.lock\" > /dev/null\nif [ $? != 0 ] ; then\n    # print error to STDERR\n    echo \"error: The sandbox is not in sync with the Podfile.lock. Run 'pod install' or update your CocoaPods installation.\" >&2\n    exit 1\nfi\n# This output is used by Xcode 'outputs' to avoid re-running this script phase.\necho \"SUCCESS\" > \"${SCRIPT_OUTPUT_FILE_0}\"\n";
			showEnvVarsInLog = 0;
		};
		7399D4CD616BF87424932708 /* [CP] Copy Pods Resources */ = {
			isa = PBXShellScriptBuildPhase;
			buildActionMask = 2147483647;
			files = (
			);
			inputPaths = (
			);
			name = "[CP] Copy Pods Resources";
			outputPaths = (
			);
			runOnlyForDeploymentPostprocessing = 0;
			shellPath = /bin/sh;
			shellScript = "\"${SRCROOT}/Pods/Target Support Files/Pods-ShowMessageTests/Pods-ShowMessageTests-resources.sh\"\n";
			showEnvVarsInLog = 0;
		};
		9BB6ADD84A29191B61F5944F /* [CP] Embed Pods Frameworks */ = {
			isa = PBXShellScriptBuildPhase;
			buildActionMask = 2147483647;
			files = (
			);
			inputPaths = (
				"${SRCROOT}/Pods/Target Support Files/Pods-ShowMessage/Pods-ShowMessage-frameworks.sh",
				"${BUILT_PRODUCTS_DIR}/SnapKit/SnapKit.framework",
				"${BUILT_PRODUCTS_DIR}/TTGSnackbar/TTGSnackbar.framework",
				"${BUILT_PRODUCTS_DIR}/Toaster/Toaster.framework",
			);
			name = "[CP] Embed Pods Frameworks";
			outputPaths = (
				"${TARGET_BUILD_DIR}/${FRAMEWORKS_FOLDER_PATH}/SnapKit.framework",
				"${TARGET_BUILD_DIR}/${FRAMEWORKS_FOLDER_PATH}/TTGSnackbar.framework",
				"${TARGET_BUILD_DIR}/${FRAMEWORKS_FOLDER_PATH}/Toaster.framework",
			);
			runOnlyForDeploymentPostprocessing = 0;
			shellPath = /bin/sh;
			shellScript = "\"${SRCROOT}/Pods/Target Support Files/Pods-ShowMessage/Pods-ShowMessage-frameworks.sh\"\n";
			showEnvVarsInLog = 0;
		};
		ECD813E7EEEC2D02C229E3E0 /* [CP] Embed Pods Frameworks */ = {
			isa = PBXShellScriptBuildPhase;
			buildActionMask = 2147483647;
			files = (
			);
			inputPaths = (
			);
			name = "[CP] Embed Pods Frameworks";
			outputPaths = (
			);
			runOnlyForDeploymentPostprocessing = 0;
			shellPath = /bin/sh;
			shellScript = "\"${SRCROOT}/Pods/Target Support Files/Pods-ShowMessageUITests/Pods-ShowMessageUITests-frameworks.sh\"\n";
			showEnvVarsInLog = 0;
		};
/* End PBXShellScriptBuildPhase section */

/* Begin PBXSourcesBuildPhase section */
		804B65161FC9E728000210E2 /* Sources */ = {
			isa = PBXSourcesBuildPhase;
			buildActionMask = 2147483647;
			files = (
				804B65261FC9E728000210E2 /* ShowMessage.xcdatamodeld in Sources */,
				804B65201FC9E728000210E2 /* ViewController.swift in Sources */,
				804B651E1FC9E728000210E2 /* AppDelegate.swift in Sources */,
			);
			runOnlyForDeploymentPostprocessing = 0;
		};
		804B652D1FC9E728000210E2 /* Sources */ = {
			isa = PBXSourcesBuildPhase;
			buildActionMask = 2147483647;
			files = (
				804B65361FC9E728000210E2 /* ShowMessageTests.swift in Sources */,
			);
			runOnlyForDeploymentPostprocessing = 0;
		};
		804B65381FC9E728000210E2 /* Sources */ = {
			isa = PBXSourcesBuildPhase;
			buildActionMask = 2147483647;
			files = (
				804B65411FC9E728000210E2 /* ShowMessageUITests.swift in Sources */,
			);
			runOnlyForDeploymentPostprocessing = 0;
		};
/* End PBXSourcesBuildPhase section */

/* Begin PBXTargetDependency section */
		804B65331FC9E728000210E2 /* PBXTargetDependency */ = {
			isa = PBXTargetDependency;
			target = 804B65191FC9E728000210E2 /* ShowMessage */;
			targetProxy = 804B65321FC9E728000210E2 /* PBXContainerItemProxy */;
		};
		804B653E1FC9E728000210E2 /* PBXTargetDependency */ = {
			isa = PBXTargetDependency;
			target = 804B65191FC9E728000210E2 /* ShowMessage */;
			targetProxy = 804B653D1FC9E728000210E2 /* PBXContainerItemProxy */;
		};
/* End PBXTargetDependency section */

/* Begin PBXVariantGroup section */
		804B65211FC9E728000210E2 /* Main.storyboard */ = {
			isa = PBXVariantGroup;
			children = (
				804B65221FC9E728000210E2 /* Base */,
			);
			name = Main.storyboard;
			sourceTree = "<group>";
		};
		804B65291FC9E728000210E2 /* LaunchScreen.storyboard */ = {
			isa = PBXVariantGroup;
			children = (
				804B652A1FC9E728000210E2 /* Base */,
			);
			name = LaunchScreen.storyboard;
			sourceTree = "<group>";
		};
/* End PBXVariantGroup section */

/* Begin XCBuildConfiguration section */
		804B65431FC9E728000210E2 /* Debug */ = {
			isa = XCBuildConfiguration;
			buildSettings = {
				ALWAYS_SEARCH_USER_PATHS = NO;
				CLANG_ANALYZER_NONNULL = YES;
				CLANG_ANALYZER_NUMBER_OBJECT_CONVERSION = YES_AGGRESSIVE;
				CLANG_CXX_LANGUAGE_STANDARD = "gnu++14";
				CLANG_CXX_LIBRARY = "libc++";
				CLANG_ENABLE_MODULES = YES;
				CLANG_ENABLE_OBJC_ARC = YES;
				CLANG_WARN_BLOCK_CAPTURE_AUTORELEASING = YES;
				CLANG_WARN_BOOL_CONVERSION = YES;
				CLANG_WARN_COMMA = YES;
				CLANG_WARN_CONSTANT_CONVERSION = YES;
				CLANG_WARN_DIRECT_OBJC_ISA_USAGE = YES_ERROR;
				CLANG_WARN_DOCUMENTATION_COMMENTS = YES;
				CLANG_WARN_EMPTY_BODY = YES;
				CLANG_WARN_ENUM_CONVERSION = YES;
				CLANG_WARN_INFINITE_RECURSION = YES;
				CLANG_WARN_INT_CONVERSION = YES;
				CLANG_WARN_NON_LITERAL_NULL_CONVERSION = YES;
				CLANG_WARN_OBJC_LITERAL_CONVERSION = YES;
				CLANG_WARN_OBJC_ROOT_CLASS = YES_ERROR;
				CLANG_WARN_RANGE_LOOP_ANALYSIS = YES;
				CLANG_WARN_STRICT_PROTOTYPES = YES;
				CLANG_WARN_SUSPICIOUS_MOVE = YES;
				CLANG_WARN_UNGUARDED_AVAILABILITY = YES_AGGRESSIVE;
				CLANG_WARN_UNREACHABLE_CODE = YES;
				CLANG_WARN__DUPLICATE_METHOD_MATCH = YES;
				CODE_SIGN_IDENTITY = "iPhone Developer";
				COPY_PHASE_STRIP = NO;
				DEBUG_INFORMATION_FORMAT = dwarf;
				ENABLE_STRICT_OBJC_MSGSEND = YES;
				ENABLE_TESTABILITY = YES;
				GCC_C_LANGUAGE_STANDARD = gnu11;
				GCC_DYNAMIC_NO_PIC = NO;
				GCC_NO_COMMON_BLOCKS = YES;
				GCC_OPTIMIZATION_LEVEL = 0;
				GCC_PREPROCESSOR_DEFINITIONS = (
					"DEBUG=1",
					"$(inherited)",
				);
				GCC_WARN_64_TO_32_BIT_CONVERSION = YES;
				GCC_WARN_ABOUT_RETURN_TYPE = YES_ERROR;
				GCC_WARN_UNDECLARED_SELECTOR = YES;
				GCC_WARN_UNINITIALIZED_AUTOS = YES_AGGRESSIVE;
				GCC_WARN_UNUSED_FUNCTION = YES;
				GCC_WARN_UNUSED_VARIABLE = YES;
				IPHONEOS_DEPLOYMENT_TARGET = 11.1;
				MTL_ENABLE_DEBUG_INFO = YES;
				ONLY_ACTIVE_ARCH = YES;
				SDKROOT = iphoneos;
				SWIFT_ACTIVE_COMPILATION_CONDITIONS = DEBUG;
				SWIFT_OPTIMIZATION_LEVEL = "-Onone";
			};
			name = Debug;
		};
		804B65441FC9E728000210E2 /* Release */ = {
			isa = XCBuildConfiguration;
			buildSettings = {
				ALWAYS_SEARCH_USER_PATHS = NO;
				CLANG_ANALYZER_NONNULL = YES;
				CLANG_ANALYZER_NUMBER_OBJECT_CONVERSION = YES_AGGRESSIVE;
				CLANG_CXX_LANGUAGE_STANDARD = "gnu++14";
				CLANG_CXX_LIBRARY = "libc++";
				CLANG_ENABLE_MODULES = YES;
				CLANG_ENABLE_OBJC_ARC = YES;
				CLANG_WARN_BLOCK_CAPTURE_AUTORELEASING = YES;
				CLANG_WARN_BOOL_CONVERSION = YES;
				CLANG_WARN_COMMA = YES;
				CLANG_WARN_CONSTANT_CONVERSION = YES;
				CLANG_WARN_DIRECT_OBJC_ISA_USAGE = YES_ERROR;
				CLANG_WARN_DOCUMENTATION_COMMENTS = YES;
				CLANG_WARN_EMPTY_BODY = YES;
				CLANG_WARN_ENUM_CONVERSION = YES;
				CLANG_WARN_INFINITE_RECURSION = YES;
				CLANG_WARN_INT_CONVERSION = YES;
				CLANG_WARN_NON_LITERAL_NULL_CONVERSION = YES;
				CLANG_WARN_OBJC_LITERAL_CONVERSION = YES;
				CLANG_WARN_OBJC_ROOT_CLASS = YES_ERROR;
				CLANG_WARN_RANGE_LOOP_ANALYSIS = YES;
				CLANG_WARN_STRICT_PROTOTYPES = YES;
				CLANG_WARN_SUSPICIOUS_MOVE = YES;
				CLANG_WARN_UNGUARDED_AVAILABILITY = YES_AGGRESSIVE;
				CLANG_WARN_UNREACHABLE_CODE = YES;
				CLANG_WARN__DUPLICATE_METHOD_MATCH = YES;
				CODE_SIGN_IDENTITY = "iPhone Developer";
				COPY_PHASE_STRIP = NO;
				DEBUG_INFORMATION_FORMAT = "dwarf-with-dsym";
				ENABLE_NS_ASSERTIONS = NO;
				ENABLE_STRICT_OBJC_MSGSEND = YES;
				GCC_C_LANGUAGE_STANDARD = gnu11;
				GCC_NO_COMMON_BLOCKS = YES;
				GCC_WARN_64_TO_32_BIT_CONVERSION = YES;
				GCC_WARN_ABOUT_RETURN_TYPE = YES_ERROR;
				GCC_WARN_UNDECLARED_SELECTOR = YES;
				GCC_WARN_UNINITIALIZED_AUTOS = YES_AGGRESSIVE;
				GCC_WARN_UNUSED_FUNCTION = YES;
				GCC_WARN_UNUSED_VARIABLE = YES;
				IPHONEOS_DEPLOYMENT_TARGET = 11.1;
				MTL_ENABLE_DEBUG_INFO = NO;
				SDKROOT = iphoneos;
				SWIFT_OPTIMIZATION_LEVEL = "-Owholemodule";
				VALIDATE_PRODUCT = YES;
			};
			name = Release;
		};
		804B65461FC9E728000210E2 /* Debug */ = {
			isa = XCBuildConfiguration;
			baseConfigurationReference = D3ED31C2B7B51AF307DF1455 /* Pods-ShowMessage.debug.xcconfig */;
			buildSettings = {
				ASSETCATALOG_COMPILER_APPICON_NAME = AppIcon;
				CODE_SIGN_STYLE = Automatic;
				DEVELOPMENT_TEAM = DMHCR22HB7;
				INFOPLIST_FILE = ShowMessage/Info.plist;
				LD_RUNPATH_SEARCH_PATHS = "$(inherited) @executable_path/Frameworks";
				PRODUCT_BUNDLE_IDENTIFIER = moisesaq.ShowMessage;
				PRODUCT_NAME = "$(TARGET_NAME)";
				SWIFT_VERSION = 4.0;
				TARGETED_DEVICE_FAMILY = "1,2";
			};
			name = Debug;
		};
		804B65471FC9E728000210E2 /* Release */ = {
			isa = XCBuildConfiguration;
			baseConfigurationReference = 54C4F31F4C3122A526993A07 /* Pods-ShowMessage.release.xcconfig */;
			buildSettings = {
				ASSETCATALOG_COMPILER_APPICON_NAME = AppIcon;
				CODE_SIGN_STYLE = Automatic;
				DEVELOPMENT_TEAM = DMHCR22HB7;
				INFOPLIST_FILE = ShowMessage/Info.plist;
				LD_RUNPATH_SEARCH_PATHS = "$(inherited) @executable_path/Frameworks";
				PRODUCT_BUNDLE_IDENTIFIER = moisesaq.ShowMessage;
				PRODUCT_NAME = "$(TARGET_NAME)";
				SWIFT_VERSION = 4.0;
				TARGETED_DEVICE_FAMILY = "1,2";
			};
			name = Release;
		};
		804B65491FC9E728000210E2 /* Debug */ = {
			isa = XCBuildConfiguration;
			baseConfigurationReference = CEE6B9CD8C4595AD84114649 /* Pods-ShowMessageTests.debug.xcconfig */;
			buildSettings = {
				ALWAYS_EMBED_SWIFT_STANDARD_LIBRARIES = YES;
				BUNDLE_LOADER = "$(TEST_HOST)";
				CODE_SIGN_STYLE = Automatic;
				DEVELOPMENT_TEAM = DMHCR22HB7;
				INFOPLIST_FILE = ShowMessageTests/Info.plist;
				LD_RUNPATH_SEARCH_PATHS = "$(inherited) @executable_path/Frameworks @loader_path/Frameworks";
				PRODUCT_BUNDLE_IDENTIFIER = moisesaq.ShowMessageTests;
				PRODUCT_NAME = "$(TARGET_NAME)";
				SWIFT_VERSION = 4.0;
				TARGETED_DEVICE_FAMILY = "1,2";
				TEST_HOST = "$(BUILT_PRODUCTS_DIR)/ShowMessage.app/ShowMessage";
			};
			name = Debug;
		};
		804B654A1FC9E728000210E2 /* Release */ = {
			isa = XCBuildConfiguration;
			baseConfigurationReference = 91B8B4BECB53F753DEBE6ABC /* Pods-ShowMessageTests.release.xcconfig */;
			buildSettings = {
				ALWAYS_EMBED_SWIFT_STANDARD_LIBRARIES = YES;
				BUNDLE_LOADER = "$(TEST_HOST)";
				CODE_SIGN_STYLE = Automatic;
				DEVELOPMENT_TEAM = DMHCR22HB7;
				INFOPLIST_FILE = ShowMessageTests/Info.plist;
				LD_RUNPATH_SEARCH_PATHS = "$(inherited) @executable_path/Frameworks @loader_path/Frameworks";
				PRODUCT_BUNDLE_IDENTIFIER = moisesaq.ShowMessageTests;
				PRODUCT_NAME = "$(TARGET_NAME)";
				SWIFT_VERSION = 4.0;
				TARGETED_DEVICE_FAMILY = "1,2";
				TEST_HOST = "$(BUILT_PRODUCTS_DIR)/ShowMessage.app/ShowMessage";
			};
			name = Release;
		};
		804B654C1FC9E728000210E2 /* Debug */ = {
			isa = XCBuildConfiguration;
			baseConfigurationReference = 0E970B89A93A7998CCCB06B2 /* Pods-ShowMessageUITests.debug.xcconfig */;
			buildSettings = {
				ALWAYS_EMBED_SWIFT_STANDARD_LIBRARIES = YES;
				CODE_SIGN_STYLE = Automatic;
				DEVELOPMENT_TEAM = DMHCR22HB7;
				INFOPLIST_FILE = ShowMessageUITests/Info.plist;
				LD_RUNPATH_SEARCH_PATHS = "$(inherited) @executable_path/Frameworks @loader_path/Frameworks";
				PRODUCT_BUNDLE_IDENTIFIER = moisesaq.ShowMessageUITests;
				PRODUCT_NAME = "$(TARGET_NAME)";
				SWIFT_VERSION = 4.0;
				TARGETED_DEVICE_FAMILY = "1,2";
				TEST_TARGET_NAME = ShowMessage;
			};
			name = Debug;
		};
		804B654D1FC9E728000210E2 /* Release */ = {
			isa = XCBuildConfiguration;
			baseConfigurationReference = 136FF9EAA2C0C9E286ADD4CA /* Pods-ShowMessageUITests.release.xcconfig */;
			buildSettings = {
				ALWAYS_EMBED_SWIFT_STANDARD_LIBRARIES = YES;
				CODE_SIGN_STYLE = Automatic;
				DEVELOPMENT_TEAM = DMHCR22HB7;
				INFOPLIST_FILE = ShowMessageUITests/Info.plist;
				LD_RUNPATH_SEARCH_PATHS = "$(inherited) @executable_path/Frameworks @loader_path/Frameworks";
				PRODUCT_BUNDLE_IDENTIFIER = moisesaq.ShowMessageUITests;
				PRODUCT_NAME = "$(TARGET_NAME)";
				SWIFT_VERSION = 4.0;
				TARGETED_DEVICE_FAMILY = "1,2";
				TEST_TARGET_NAME = ShowMessage;
			};
			name = Release;
		};
/* End XCBuildConfiguration section */

/* Begin XCConfigurationList section */
		804B65151FC9E728000210E2 /* Build configuration list for PBXProject "ShowMessage" */ = {
			isa = XCConfigurationList;
			buildConfigurations = (
				804B65431FC9E728000210E2 /* Debug */,
				804B65441FC9E728000210E2 /* Release */,
			);
			defaultConfigurationIsVisible = 0;
			defaultConfigurationName = Release;
		};
		804B65451FC9E728000210E2 /* Build configuration list for PBXNativeTarget "ShowMessage" */ = {
			isa = XCConfigurationList;
			buildConfigurations = (
				804B65461FC9E728000210E2 /* Debug */,
				804B65471FC9E728000210E2 /* Release */,
			);
			defaultConfigurationIsVisible = 0;
			defaultConfigurationName = Release;
		};
		804B65481FC9E728000210E2 /* Build configuration list for PBXNativeTarget "ShowMessageTests" */ = {
			isa = XCConfigurationList;
			buildConfigurations = (
				804B65491FC9E728000210E2 /* Debug */,
				804B654A1FC9E728000210E2 /* Release */,
			);
			defaultConfigurationIsVisible = 0;
			defaultConfigurationName = Release;
		};
		804B654B1FC9E728000210E2 /* Build configuration list for PBXNativeTarget "ShowMessageUITests" */ = {
			isa = XCConfigurationList;
			buildConfigurations = (
				804B654C1FC9E728000210E2 /* Debug */,
				804B654D1FC9E728000210E2 /* Release */,
			);
			defaultConfigurationIsVisible = 0;
			defaultConfigurationName = Release;
		};
/* End XCConfigurationList section */

/* Begin XCVersionGroup section */
		804B65241FC9E728000210E2 /* ShowMessage.xcdatamodeld */ = {
			isa = XCVersionGroup;
			children = (
				804B65251FC9E728000210E2 /* ShowMessage.xcdatamodel */,
			);
			currentVersion = 804B65251FC9E728000210E2 /* ShowMessage.xcdatamodel */;
			path = ShowMessage.xcdatamodeld;
			sourceTree = "<group>";
			versionGroupType = wrapper.xcdatamodel;
		};
/* End XCVersionGroup section */
	};
	rootObject = 804B65121FC9E728000210E2 /* Project object */;
}
